{
  "name": "go-node-native",
  "version": "0.0.0",
  "lockfileVersion": 3,
  "requires": true,
  "packages": {
    "": {
      "name": "go-node-native",
      "version": "0.0.0",
      "license": "MIT",
      "dependencies": {
        "handlers": "file:handlers"
      }
    },
    "handlers": {
      "version": "1.0.0",
      "license": "MIT"
    },
    "node_modules/handlers": {
      "resolved": "handlers",
      "link": true
    }
  }
}
